{
    "_meta": {
        "hash": {
            "sha256": "9534f369af4ac625f106f02119866cc8e4f204846309df077e5247a4b81f83a3"
        },
        "pipfile-spec": 6,
        "requires": {
            "python_version": "3.10"
        },
        "sources": [
            {
                "name": "pypi",
                "url": "https://pypi.org/simple",
                "verify_ssl": true
            }
        ]
    },
    "default": {
        "prettytable": {
            "hashes": [
                "sha256:ae7d96c64100543dc61662b40a28f3b03c0f94a503ed121c6fca2782c5816f81",
                "sha256:f6c5ec87c3ef9df5bba1d32d826c1b862ecad0344dddb6082e3562caf71fe085"
            ],
            "index": "pypi",
            "version": "==3.2.0"
        },
        "wcwidth": {
            "hashes": [
                "sha256:beb4802a9cebb9144e99086eff703a642a13d6a0052920003a230f3294bbe784",
                "sha256:c4d647b99872929fdb7bdcaa4fbe7f01413ed3d98077df798530e5b04f116c83"
            ],
            "version": "==0.2.5"
        }
    },
    "develop": {}
}
